
Microsoft Visual Studio Solution File, Format Version 12.00
# Visual Studio 15
VisualStudioVersion = 15.0.28307.168
MinimumVisualStudioVersion = 10.0.40219.1
Project("{FAE04EC0-301F-11D3-BF4B-00C04F79EFBC}") = "Host", "lab2\Host.csproj", "{1B8BEC61-AB6A-48D0-AD77-DEF332FC145C}"
EndProject
Project("{FAE04EC0-301F-11D3-BF4B-00C04F79EFBC}") = "kNN", "kNN\kNN.csproj", "{E5BAF113-1ACB-4067-BA62-70B50F215805}"
EndProject
Project("{FAE04EC0-301F-11D3-BF4B-00C04F79EFBC}") = "Client", "Client\Client.csproj", "{E7BD2B8E-FF0E-4125-9710-70E359E21C20}"
EndProject
Global
	GlobalSection(SolutionConfigurationPlatforms) = preSolution
		Debug|Any CPU = Debug|Any CPU
		Release|Any CPU = Release|Any CPU
	EndGlobalSection
	GlobalSection(ProjectConfigurationPlatforms) = postSolution
		{1B8BEC61-AB6A-48D0-AD77-DEF332FC145C}.Debug|Any CPU.ActiveCfg = Debug|Any CPU
		{1B8BEC61-AB6A-48D0-AD77-DEF332FC145C}.Debug|Any CPU.Build.0 = Debug|Any CPU
		{1B8BEC61-AB6A-48D0-AD77-DEF332FC145C}.Release|Any CPU.ActiveCfg = Release|Any CPU
		{1B8BEC61-AB6A-48D0-AD77-DEF332FC145C}.Release|Any CPU.Build.0 = Release|Any CPU
		{E5BAF113-1ACB-4067-BA62-70B50F215805}.Debug|Any CPU.ActiveCfg = Debug|Any CPU
		{E5BAF113-1ACB-4067-BA62-70B50F215805}.Debug|Any CPU.Build.0 = Debug|Any CPU
		{E5BAF113-1ACB-4067-BA62-70B50F215805}.Release|Any CPU.ActiveCfg = Release|Any CPU
		{E5BAF113-1ACB-4067-BA62-70B50F215805}.Release|Any CPU.Build.0 = Release|Any CPU
		{E7BD2B8E-FF0E-4125-9710-70E359E21C20}.Debug|Any CPU.ActiveCfg = Debug|Any CPU
		{E7BD2B8E-FF0E-4125-9710-70E359E21C20}.Debug|Any CPU.Build.0 = Debug|Any CPU
		{E7BD2B8E-FF0E-4125-9710-70E359E21C20}.Release|Any CPU.ActiveCfg = Release|Any CPU
		{E7BD2B8E-FF0E-4125-9710-70E359E21C20}.Release|Any CPU.Build.0 = Release|Any CPU
	EndGlobalSection
	GlobalSection(SolutionProperties) = preSolution
		HideSolutionNode = FALSE
	EndGlobalSection
	GlobalSection(ExtensibilityGlobals) = postSolution
		SolutionGuid = {82B00B65-6DE1-4615-9C75-4F05D2DA2A15}
	EndGlobalSection
EndGlobal
